
Microsoft Visual Studio Solution File, Format Version 12.00
# Visual Studio Version 17
VisualStudioVersion = 17.0.31903.59
MinimumVisualStudioVersion = 10.0.40219.1
Project("{FAE04EC0-301F-11D3-BF4B-00C04F79EFBC}") = "OpenLLM.Metrics", "OpenLLM.Metrics\OpenLLM.Metrics.csproj", "{4A1F3D14-1B0B-4F0A-9F8C-1A0E1B0B4F0A}"
EndProject
Project("{FAE04EC0-301F-11D3-BF4B-00C04F79EFBC}") = "OpenAI.Example", "examples\OpenAI.Example\OpenAI.Example.csproj", "{8B1F4D24-2C1B-4E1A-AF9C-2A1E2B1C4E2B}"
EndProject
Project("{FAE04EC0-301F-11D3-BF4B-00C04F79EFBC}") = "AzureOpenAI.Example", "examples\AzureOpenAI.Example\AzureOpenAI.Example.csproj", "{9C2F5D34-3D2C-4F2B-BFAD-3B2F3C2D4F3C}"
EndProject
Project("{FAE04EC0-301F-11D3-BF4B-00C04F79EFBC}") = "OpenLLM.Metrics.Tests", "tests\OpenLLM.Metrics.Tests\OpenLLM.Metrics.Tests.csproj", "{A1B2C3D4-E5F6-7890-ABCD-EF1234567890}"
EndProject
Global
	GlobalSection(SolutionConfigurationPlatforms) = preSolution
		Debug|Any CPU = Debug|Any CPU
		Release|Any CPU = Release|Any CPU
	EndGlobalSection
	GlobalSection(ProjectConfigurationPlatforms) = postSolution
		{4A1F3D14-1B0B-4F0A-9F8C-1A0E1B0B4F0A}.Debug|Any CPU.ActiveCfg = Debug|Any CPU
		{4A1F3D14-1B0B-4F0A-9F8C-1A0E1B0B4F0A}.Debug|Any CPU.Build.0 = Debug|Any CPU
		{4A1F3D14-1B0B-4F0A-9F8C-1A0E1B0B4F0A}.Release|Any CPU.ActiveCfg = Release|Any CPU
		{4A1F3D14-1B0B-4F0A-9F8C-1A0E1B0B4F0A}.Release|Any CPU.Build.0 = Release|Any CPU
		{8B1F4D24-2C1B-4E1A-AF9C-2A1E2B1C4E2B}.Debug|Any CPU.ActiveCfg = Debug|Any CPU
		{8B1F4D24-2C1B-4E1A-AF9C-2A1E2B1C4E2B}.Debug|Any CPU.Build.0 = Debug|Any CPU
		{8B1F4D24-2C1B-4E1A-AF9C-2A1E2B1C4E2B}.Release|Any CPU.ActiveCfg = Release|Any CPU
		{8B1F4D24-2C1B-4E1A-AF9C-2A1E2B1C4E2B}.Release|Any CPU.Build.0 = Release|Any CPU
		{9C2F5D34-3D2C-4F2B-BFAD-3B2F3C2D4F3C}.Debug|Any CPU.ActiveCfg = Debug|Any CPU
		{9C2F5D34-3D2C-4F2B-BFAD-3B2F3C2D4F3C}.Debug|Any CPU.Build.0 = Debug|Any CPU
		{9C2F5D34-3D2C-4F2B-BFAD-3B2F3C2D4F3C}.Release|Any CPU.ActiveCfg = Release|Any CPU
		{9C2F5D34-3D2C-4F2B-BFAD-3B2F3C2D4F3C}.Release|Any CPU.Build.0 = Release|Any CPU
		{A1B2C3D4-E5F6-7890-ABCD-EF1234567890}.Debug|Any CPU.ActiveCfg = Debug|Any CPU
		{A1B2C3D4-E5F6-7890-ABCD-EF1234567890}.Debug|Any CPU.Build.0 = Debug|Any CPU
		{A1B2C3D4-E5F6-7890-ABCD-EF1234567890}.Release|Any CPU.ActiveCfg = Release|Any CPU
		{A1B2C3D4-E5F6-7890-ABCD-EF1234567890}.Release|Any CPU.Build.0 = Release|Any CPU
	EndGlobalSection
	GlobalSection(SolutionProperties) = preSolution
		HideSolutionNode = FALSE
	EndGlobalSection
EndGlobal
